
Microsoft Visual Studio Solution File, Format Version 12.00
Project("{FAE04EC0-301F-11D3-BF4B-00C04F79EFBC}") = "Proact.Web", "Proact.Web\Proact.Web.csproj", "{6245EC23-9D32-4EFE-9A5C-5F14680F45BC}"
EndProject
Project("{FAE04EC0-301F-11D3-BF4B-00C04F79EFBC}") = "ProactSandbox", "ProactSandbox\ProactSandbox.csproj", "{7119DAAC-291F-4598-A034-D60FFDE551B5}"
EndProject
Project("{FAE04EC0-301F-11D3-BF4B-00C04F79EFBC}") = "ProactTests", "ProactTests\ProactTests.csproj", "{E46A1CD3-2F17-405A-8A03-918E64FA99F2}"
EndProject
Project("{FAE04EC0-301F-11D3-BF4B-00C04F79EFBC}") = "Proact.Core", "Proact.Core\Proact.Core.csproj", "{7450E846-6C9B-4BCF-A206-F80E889DCECD}"
EndProject
Project("{FAE04EC0-301F-11D3-BF4B-00C04F79EFBC}") = "Proact.Generator", "Proact.Generator\Proact.Generator.csproj", "{7D6C16F4-B7DF-4204-AADF-C9DA92122986}"
EndProject
Project("{FAE04EC0-301F-11D3-BF4B-00C04F79EFBC}") = "Proact.Page", "Proact.Page\Proact.Page.csproj", "{53EC1113-A29E-4066-B5EA-F58570A5AC5F}"
EndProject
Global
	GlobalSection(SolutionConfigurationPlatforms) = preSolution
		Debug|Any CPU = Debug|Any CPU
		Release|Any CPU = Release|Any CPU
	EndGlobalSection
	GlobalSection(ProjectConfigurationPlatforms) = postSolution
		{6245EC23-9D32-4EFE-9A5C-5F14680F45BC}.Debug|Any CPU.ActiveCfg = Debug|Any CPU
		{6245EC23-9D32-4EFE-9A5C-5F14680F45BC}.Debug|Any CPU.Build.0 = Debug|Any CPU
		{6245EC23-9D32-4EFE-9A5C-5F14680F45BC}.Release|Any CPU.ActiveCfg = Release|Any CPU
		{6245EC23-9D32-4EFE-9A5C-5F14680F45BC}.Release|Any CPU.Build.0 = Release|Any CPU
		{7119DAAC-291F-4598-A034-D60FFDE551B5}.Debug|Any CPU.ActiveCfg = Debug|Any CPU
		{7119DAAC-291F-4598-A034-D60FFDE551B5}.Debug|Any CPU.Build.0 = Debug|Any CPU
		{7119DAAC-291F-4598-A034-D60FFDE551B5}.Release|Any CPU.ActiveCfg = Release|Any CPU
		{7119DAAC-291F-4598-A034-D60FFDE551B5}.Release|Any CPU.Build.0 = Release|Any CPU
		{E46A1CD3-2F17-405A-8A03-918E64FA99F2}.Debug|Any CPU.ActiveCfg = Debug|Any CPU
		{E46A1CD3-2F17-405A-8A03-918E64FA99F2}.Debug|Any CPU.Build.0 = Debug|Any CPU
		{E46A1CD3-2F17-405A-8A03-918E64FA99F2}.Release|Any CPU.ActiveCfg = Release|Any CPU
		{E46A1CD3-2F17-405A-8A03-918E64FA99F2}.Release|Any CPU.Build.0 = Release|Any CPU
		{7450E846-6C9B-4BCF-A206-F80E889DCECD}.Debug|Any CPU.ActiveCfg = Debug|Any CPU
		{7450E846-6C9B-4BCF-A206-F80E889DCECD}.Debug|Any CPU.Build.0 = Debug|Any CPU
		{7450E846-6C9B-4BCF-A206-F80E889DCECD}.Release|Any CPU.ActiveCfg = Release|Any CPU
		{7450E846-6C9B-4BCF-A206-F80E889DCECD}.Release|Any CPU.Build.0 = Release|Any CPU
		{7D6C16F4-B7DF-4204-AADF-C9DA92122986}.Debug|Any CPU.ActiveCfg = Debug|Any CPU
		{7D6C16F4-B7DF-4204-AADF-C9DA92122986}.Debug|Any CPU.Build.0 = Debug|Any CPU
		{7D6C16F4-B7DF-4204-AADF-C9DA92122986}.Release|Any CPU.ActiveCfg = Release|Any CPU
		{7D6C16F4-B7DF-4204-AADF-C9DA92122986}.Release|Any CPU.Build.0 = Release|Any CPU
		{53EC1113-A29E-4066-B5EA-F58570A5AC5F}.Debug|Any CPU.ActiveCfg = Debug|Any CPU
		{53EC1113-A29E-4066-B5EA-F58570A5AC5F}.Debug|Any CPU.Build.0 = Debug|Any CPU
		{53EC1113-A29E-4066-B5EA-F58570A5AC5F}.Release|Any CPU.ActiveCfg = Release|Any CPU
		{53EC1113-A29E-4066-B5EA-F58570A5AC5F}.Release|Any CPU.Build.0 = Release|Any CPU
	EndGlobalSection
EndGlobal
